
Microsoft Visual Studio Solution File, Format Version 12.00
# Visual Studio Version 16
VisualStudioVersion = 16.0.29509.3
MinimumVisualStudioVersion = 10.0.40219.1
Project("{FAE04EC0-301F-11D3-BF4B-00C04F79EFBC}") = "CsPG-1", "CsPG-1\CsPG-1.csproj", "{911D3E78-8130-41A7-90E1-4AAA7E69F3B1}"
EndProject
Global
	GlobalSection(SolutionConfigurationPlatforms) = preSolution
		Debug|Any CPU = Debug|Any CPU
		Release|Any CPU = Release|Any CPU
	EndGlobalSection
	GlobalSection(ProjectConfigurationPlatforms) = postSolution
		{911D3E78-8130-41A7-90E1-4AAA7E69F3B1}.Debug|Any CPU.ActiveCfg = Debug|Any CPU
		{911D3E78-8130-41A7-90E1-4AAA7E69F3B1}.Debug|Any CPU.Build.0 = Debug|Any CPU
		{911D3E78-8130-41A7-90E1-4AAA7E69F3B1}.Release|Any CPU.ActiveCfg = Release|Any CPU
		{911D3E78-8130-41A7-90E1-4AAA7E69F3B1}.Release|Any CPU.Build.0 = Release|Any CPU
	EndGlobalSection
	GlobalSection(SolutionProperties) = preSolution
		HideSolutionNode = FALSE
	EndGlobalSection
	GlobalSection(ExtensibilityGlobals) = postSolution
		SolutionGuid = {5C8482AF-FEAD-4FAE-93BD-6ECB7B905E38}
	EndGlobalSection
EndGlobal
