
Microsoft Visual Studio Solution File, Format Version 12.00
# Visual Studio Version 16
VisualStudioVersion = 16.0.29613.14
MinimumVisualStudioVersion = 10.0.40219.1
Project("{FAE04EC0-301F-11D3-BF4B-00C04F79EFBC}") = "InterestCalculator_3-3", "InterestCalculator_3-3\InterestCalculator_3-3.csproj", "{E9005942-F93B-46B4-9245-C313992C7981}"
EndProject
Global
	GlobalSection(SolutionConfigurationPlatforms) = preSolution
		Debug|Any CPU = Debug|Any CPU
		Release|Any CPU = Release|Any CPU
	EndGlobalSection
	GlobalSection(ProjectConfigurationPlatforms) = postSolution
		{E9005942-F93B-46B4-9245-C313992C7981}.Debug|Any CPU.ActiveCfg = Debug|Any CPU
		{E9005942-F93B-46B4-9245-C313992C7981}.Debug|Any CPU.Build.0 = Debug|Any CPU
		{E9005942-F93B-46B4-9245-C313992C7981}.Release|Any CPU.ActiveCfg = Release|Any CPU
		{E9005942-F93B-46B4-9245-C313992C7981}.Release|Any CPU.Build.0 = Release|Any CPU
	EndGlobalSection
	GlobalSection(SolutionProperties) = preSolution
		HideSolutionNode = FALSE
	EndGlobalSection
	GlobalSection(ExtensibilityGlobals) = postSolution
		SolutionGuid = {293DC9AA-39EE-481D-A27B-FCD3B893C55D}
	EndGlobalSection
EndGlobal
