
Microsoft Visual Studio Solution File, Format Version 12.00
# Visual Studio Version 16
VisualStudioVersion = 16.0.29509.3
MinimumVisualStudioVersion = 10.0.40219.1
Project("{FAE04EC0-301F-11D3-BF4B-00C04F79EFBC}") = "RectangleCalculator_2-3", "RectangleCalculator_2-3\RectangleCalculator_2-3.csproj", "{6F083038-D7DE-4012-9227-CF501B651652}"
EndProject
Global
	GlobalSection(SolutionConfigurationPlatforms) = preSolution
		Debug|Any CPU = Debug|Any CPU
		Release|Any CPU = Release|Any CPU
	EndGlobalSection
	GlobalSection(ProjectConfigurationPlatforms) = postSolution
		{6F083038-D7DE-4012-9227-CF501B651652}.Debug|Any CPU.ActiveCfg = Debug|Any CPU
		{6F083038-D7DE-4012-9227-CF501B651652}.Debug|Any CPU.Build.0 = Debug|Any CPU
		{6F083038-D7DE-4012-9227-CF501B651652}.Release|Any CPU.ActiveCfg = Release|Any CPU
		{6F083038-D7DE-4012-9227-CF501B651652}.Release|Any CPU.Build.0 = Release|Any CPU
	EndGlobalSection
	GlobalSection(SolutionProperties) = preSolution
		HideSolutionNode = FALSE
	EndGlobalSection
	GlobalSection(ExtensibilityGlobals) = postSolution
		SolutionGuid = {8F748E82-35F7-4C01-89F6-2DDBF5777C01}
	EndGlobalSection
EndGlobal
